
Microsoft Visual Studio Solution File, Format Version 12.00
# Visual Studio Version 16
VisualStudioVersion = 16.0.30114.105
MinimumVisualStudioVersion = 10.0.40219.1
Project("{2150E333-8FDC-42A3-9474-1A3956D46DE8}") = "1.HelloWorld", "1.HelloWorld", "{3AFCF2CD-77C8-4D9B-AC78-57BCB7B57C37}"
EndProject
Project("{FAE04EC0-301F-11D3-BF4B-00C04F79EFBC}") = "HelloWorld", "1.HelloWorld\HelloWorld\HelloWorld.csproj", "{791F36B4-9A30-4ED5-800E-A4611EFC1F2B}"
EndProject
Global
	GlobalSection(SolutionConfigurationPlatforms) = preSolution
		Debug|Any CPU = Debug|Any CPU
		Debug|x64 = Debug|x64
		Debug|x86 = Debug|x86
		Release|Any CPU = Release|Any CPU
		Release|x64 = Release|x64
		Release|x86 = Release|x86
	EndGlobalSection
	GlobalSection(SolutionProperties) = preSolution
		HideSolutionNode = FALSE
	EndGlobalSection
	GlobalSection(ProjectConfigurationPlatforms) = postSolution
		{791F36B4-9A30-4ED5-800E-A4611EFC1F2B}.Debug|Any CPU.ActiveCfg = Debug|Any CPU
		{791F36B4-9A30-4ED5-800E-A4611EFC1F2B}.Debug|Any CPU.Build.0 = Debug|Any CPU
		{791F36B4-9A30-4ED5-800E-A4611EFC1F2B}.Debug|x64.ActiveCfg = Debug|Any CPU
		{791F36B4-9A30-4ED5-800E-A4611EFC1F2B}.Debug|x64.Build.0 = Debug|Any CPU
		{791F36B4-9A30-4ED5-800E-A4611EFC1F2B}.Debug|x86.ActiveCfg = Debug|Any CPU
		{791F36B4-9A30-4ED5-800E-A4611EFC1F2B}.Debug|x86.Build.0 = Debug|Any CPU
		{791F36B4-9A30-4ED5-800E-A4611EFC1F2B}.Release|Any CPU.ActiveCfg = Release|Any CPU
		{791F36B4-9A30-4ED5-800E-A4611EFC1F2B}.Release|Any CPU.Build.0 = Release|Any CPU
		{791F36B4-9A30-4ED5-800E-A4611EFC1F2B}.Release|x64.ActiveCfg = Release|Any CPU
		{791F36B4-9A30-4ED5-800E-A4611EFC1F2B}.Release|x64.Build.0 = Release|Any CPU
		{791F36B4-9A30-4ED5-800E-A4611EFC1F2B}.Release|x86.ActiveCfg = Release|Any CPU
		{791F36B4-9A30-4ED5-800E-A4611EFC1F2B}.Release|x86.Build.0 = Release|Any CPU
	EndGlobalSection
	GlobalSection(NestedProjects) = preSolution
		{791F36B4-9A30-4ED5-800E-A4611EFC1F2B} = {3AFCF2CD-77C8-4D9B-AC78-57BCB7B57C37}
	EndGlobalSection
EndGlobal
